
Microsoft Visual Studio Solution File, Format Version 12.00
# Visual Studio Version 17
VisualStudioVersion = 17.8.34330.188
MinimumVisualStudioVersion = 10.0.40219.1
Project("{FAE04EC0-301F-11D3-BF4B-00C04F79EFBC}") = "CatalogLab", "CatalogLab\CatalogLab.csproj", "{495A31A5-426B-4EC2-977A-D22D88DAD737}"
EndProject
Global
	GlobalSection(SolutionConfigurationPlatforms) = preSolution
		Debug|Any CPU = Debug|Any CPU
		Release|Any CPU = Release|Any CPU
	EndGlobalSection
	GlobalSection(ProjectConfigurationPlatforms) = postSolution
		{495A31A5-426B-4EC2-977A-D22D88DAD737}.Debug|Any CPU.ActiveCfg = Debug|Any CPU
		{495A31A5-426B-4EC2-977A-D22D88DAD737}.Debug|Any CPU.Build.0 = Debug|Any CPU
		{495A31A5-426B-4EC2-977A-D22D88DAD737}.Release|Any CPU.ActiveCfg = Release|Any CPU
		{495A31A5-426B-4EC2-977A-D22D88DAD737}.Release|Any CPU.Build.0 = Release|Any CPU
	EndGlobalSection
	GlobalSection(SolutionProperties) = preSolution
		HideSolutionNode = FALSE
	EndGlobalSection
	GlobalSection(ExtensibilityGlobals) = postSolution
		SolutionGuid = {C9FD264F-13B0-404E-B815-EF911D6C0166}
	EndGlobalSection
EndGlobal
